# This file is automatically @generated by Cargo.
# It is not intended for manual editing.
version = 3

[[package]]
name = "aho-corasick"
version = "1.1.1"
source = "registry+https://github.com/rust-lang/crates.io-index"
checksum = "ea5d730647d4fadd988536d06fecce94b7b4f2a7efdae548f1cf4b63205518ab"
dependencies = [
 "memchr",
]

[[package]]
name = "aici_abi"
version = "0.1.0"
dependencies = [
 "serde",
]

[[package]]
name = "aici_ast_runner"
version = "0.1.0"
dependencies = [
 "aici_abi",
 "anyhow",
 "cfgrammar",
 "lrlex",
 "lrpar",
 "lrtable",
 "regex-automata 0.3.9",
 "rustc-hash",
 "serde",
 "serde_json",
 "vob",
]

[[package]]
name = "anyhow"
version = "1.0.75"
source = "registry+https://github.com/rust-lang/crates.io-index"
checksum = "a4668cab20f66d8d020e1fbc0ebe47217433c1b6c8f2040faf858554e394ace6"

[[package]]
name = "autocfg"
version = "1.1.0"
source = "registry+https://github.com/rust-lang/crates.io-index"
checksum = "d468802bab17cbc0cc575e9b053f41e72aa36bfa6b7f55e3529ffa43161b97fa"

[[package]]
name = "bincode"
version = "1.3.3"
source = "registry+https://github.com/rust-lang/crates.io-index"
checksum = "b1f45e9417d87227c7a56d22e471c6206462cba514c7590c09aff4cf6d1ddcad"
dependencies = [
 "serde",
]

[[package]]
name = "bitflags"
version = "1.3.2"
source = "registry+https://github.com/rust-lang/crates.io-index"
checksum = "bef38d45163c2f1dde094a7dfd33ccf595c92905c8f8f4fdc18d06fb1037718a"

[[package]]
name = "cactus"
version = "1.0.6"
source = "registry+https://github.com/rust-lang/crates.io-index"
checksum = "cf034765b7d19a011c6d619e880582bf95e8186b580e6fab56589872dd87dcf5"

[[package]]
name = "cfg-if"
version = "1.0.0"
source = "registry+https://github.com/rust-lang/crates.io-index"
checksum = "baf1de4339761588bc0619e3cbc0120ee582ebb74b53b4efbf79117bd2da40fd"

[[package]]
name = "cfgrammar"
version = "0.13.3"
source = "registry+https://github.com/rust-lang/crates.io-index"
checksum = "41879646bd1fbd55efdb9e2c1ac85e63856ad951e4e14b2e3086374802a13e9b"
dependencies = [
 "indexmap",
 "lazy_static",
 "num-traits",
 "regex",
 "serde",
 "vob",
]

[[package]]
name = "deranged"
version = "0.3.9"
source = "registry+https://github.com/rust-lang/crates.io-index"
checksum = "0f32d04922c60427da6f9fef14d042d9edddef64cb9d4ce0d64d0685fbeb1fd3"
dependencies = [
 "powerfmt",
]

[[package]]
name = "equivalent"
version = "1.0.1"
source = "registry+https://github.com/rust-lang/crates.io-index"
checksum = "5443807d6dff69373d433ab9ef5378ad8df50ca6298caf15de6e52e24aaf54d5"

[[package]]
name = "filetime"
version = "0.2.22"
source = "registry+https://github.com/rust-lang/crates.io-index"
checksum = "d4029edd3e734da6fe05b6cd7bd2960760a616bd2ddd0d59a0124746d6272af0"
dependencies = [
 "cfg-if",
 "libc",
 "redox_syscall",
 "windows-sys",
]

[[package]]
name = "fnv"
version = "1.0.7"
source = "registry+https://github.com/rust-lang/crates.io-index"
checksum = "3f9eec918d3f24069decb9af1554cad7c880e2da24a9afd88aca000531ab82c1"

[[package]]
name = "getopts"
version = "0.2.21"
source = "registry+https://github.com/rust-lang/crates.io-index"
checksum = "14dbbfd5c71d70241ecf9e6f13737f7b5ce823821063188d7e46c41d371eebd5"
dependencies = [
 "unicode-width",
]

[[package]]
name = "hashbrown"
version = "0.14.1"
source = "registry+https://github.com/rust-lang/crates.io-index"
checksum = "7dfda62a12f55daeae5015f81b0baea145391cb4520f86c248fc615d72640d12"

[[package]]
name = "indexmap"
version = "2.0.2"
source = "registry+https://github.com/rust-lang/crates.io-index"
checksum = "8adf3ddd720272c6ea8bf59463c04e0f93d0bbf7c5439b691bca2987e0270897"
dependencies = [
 "equivalent",
 "hashbrown",
]

[[package]]
name = "itoa"
version = "1.0.9"
source = "registry+https://github.com/rust-lang/crates.io-index"
checksum = "af150ab688ff2122fcef229be89cb50dd66af9e01a4ff320cc137eecc9bacc38"

[[package]]
name = "lazy_static"
version = "1.4.0"
source = "registry+https://github.com/rust-lang/crates.io-index"
checksum = "e2abad23fbc42b3700f2f279844dc832adb2b2eb069b2df918f455c4e18cc646"

[[package]]
name = "libc"
version = "0.2.149"
source = "registry+https://github.com/rust-lang/crates.io-index"
checksum = "a08173bc88b7955d1b3145aa561539096c421ac8debde8cbc3612ec635fee29b"

[[package]]
name = "lrlex"
version = "0.13.3"
source = "registry+https://github.com/rust-lang/crates.io-index"
checksum = "4d3c956ecfc913cb0e89575c5dd74d2558ec6e12c18f23baabc2985dc48ead28"
dependencies = [
 "cfgrammar",
 "getopts",
 "lazy_static",
 "lrpar",
 "num-traits",
 "quote",
 "regex",
 "regex-syntax 0.7.5",
 "serde",
 "vergen",
]

[[package]]
name = "lrpar"
version = "0.13.3"
source = "registry+https://github.com/rust-lang/crates.io-index"
checksum = "c3f2acdd7023dc9f0eb51b13a615477c245519f593537667116874d2c699972d"
dependencies = [
 "bincode",
 "cactus",
 "cfgrammar",
 "filetime",
 "indexmap",
 "lazy_static",
 "lrtable",
 "num-traits",
 "packedvec",
 "regex",
 "serde",
 "static_assertions",
 "vergen",
 "vob",
]

[[package]]
name = "lrtable"
version = "0.13.3"
source = "registry+https://github.com/rust-lang/crates.io-index"
checksum = "310933a066b41ed437844d548c5972b02b407e63a8254d08204082a05f7a1b34"
dependencies = [
 "cfgrammar",
 "fnv",
 "num-traits",
 "serde",
 "sparsevec",
 "vob",
]

[[package]]
name = "memchr"
version = "2.6.4"
source = "registry+https://github.com/rust-lang/crates.io-index"
checksum = "f665ee40bc4a3c5590afb1e9677db74a508659dfd71e126420da8274909a0167"

[[package]]
name = "num-traits"
version = "0.2.17"
source = "registry+https://github.com/rust-lang/crates.io-index"
checksum = "39e3200413f237f41ab11ad6d161bc7239c84dcb631773ccd7de3dfe4b5c267c"
dependencies = [
 "autocfg",
]

[[package]]
name = "num_threads"
version = "0.1.6"
source = "registry+https://github.com/rust-lang/crates.io-index"
checksum = "2819ce041d2ee131036f4fc9d6ae7ae125a3a40e97ba64d04fe799ad9dabbb44"
dependencies = [
 "libc",
]

[[package]]
name = "packedvec"
version = "1.2.4"
source = "registry+https://github.com/rust-lang/crates.io-index"
checksum = "bde3c690ec20e4a2b4fb46f0289a451181eb50011a1e2acc8d85e2fde9062a45"
dependencies = [
 "num-traits",
 "serde",
]

[[package]]
name = "powerfmt"
version = "0.2.0"
source = "registry+https://github.com/rust-lang/crates.io-index"
checksum = "439ee305def115ba05938db6eb1644ff94165c5ab5e9420d1c1bcedbba909391"

[[package]]
name = "proc-macro2"
version = "1.0.69"
source = "registry+https://github.com/rust-lang/crates.io-index"
checksum = "134c189feb4956b20f6f547d2cf727d4c0fe06722b20a0eec87ed445a97f92da"
dependencies = [
 "unicode-ident",
]

[[package]]
name = "quote"
version = "1.0.33"
source = "registry+https://github.com/rust-lang/crates.io-index"
checksum = "5267fca4496028628a95160fc423a33e8b2e6af8a5302579e322e4b520293cae"
dependencies = [
 "proc-macro2",
]

[[package]]
name = "redox_syscall"
version = "0.3.5"
source = "registry+https://github.com/rust-lang/crates.io-index"
checksum = "567664f262709473930a4bf9e51bf2ebf3348f2e748ccc50dea20646858f8f29"
dependencies = [
 "bitflags",
]

[[package]]
name = "regex"
version = "1.10.2"
source = "registry+https://github.com/rust-lang/crates.io-index"
checksum = "380b951a9c5e80ddfd6136919eef32310721aa4aacd4889a8d39124b026ab343"
dependencies = [
 "aho-corasick",
 "memchr",
 "regex-automata 0.4.3",
 "regex-syntax 0.8.2",
]

[[package]]
name = "regex-automata"
version = "0.3.9"
source = "registry+https://github.com/rust-lang/crates.io-index"
checksum = "59b23e92ee4318893fa3fe3e6fb365258efbfe6ac6ab30f090cdcbb7aa37efa9"
dependencies = [
 "aho-corasick",
 "memchr",
 "regex-syntax 0.7.5",
]

[[package]]
name = "regex-automata"
version = "0.4.3"
source = "registry+https://github.com/rust-lang/crates.io-index"
checksum = "5f804c7828047e88b2d32e2d7fe5a105da8ee3264f01902f796c8e067dc2483f"
dependencies = [
 "aho-corasick",
 "memchr",
 "regex-syntax 0.8.2",
]

[[package]]
name = "regex-syntax"
version = "0.7.5"
source = "registry+https://github.com/rust-lang/crates.io-index"
checksum = "dbb5fb1acd8a1a18b3dd5be62d25485eb770e05afb408a9627d14d451bae12da"

[[package]]
name = "regex-syntax"
version = "0.8.2"
source = "registry+https://github.com/rust-lang/crates.io-index"
checksum = "c08c74e62047bb2de4ff487b251e4a92e24f48745648451635cec7d591162d9f"

[[package]]
name = "rustc-hash"
version = "1.1.0"
source = "registry+https://github.com/rust-lang/crates.io-index"
checksum = "08d43f7aa6b08d49f382cde6a7982047c3426db949b1424bc4b7ec9ae12c6ce2"

[[package]]
name = "rustc_version"
version = "0.4.0"
source = "registry+https://github.com/rust-lang/crates.io-index"
checksum = "bfa0f585226d2e68097d4f95d113b15b83a82e819ab25717ec0590d9584ef366"
dependencies = [
 "semver",
]

[[package]]
name = "rustversion"
version = "1.0.14"
source = "registry+https://github.com/rust-lang/crates.io-index"
checksum = "7ffc183a10b4478d04cbbbfc96d0873219d962dd5accaff2ffbd4ceb7df837f4"

[[package]]
name = "ryu"
version = "1.0.15"
source = "registry+https://github.com/rust-lang/crates.io-index"
checksum = "1ad4cc8da4ef723ed60bced201181d83791ad433213d8c24efffda1eec85d741"

[[package]]
name = "semver"
version = "1.0.20"
source = "registry+https://github.com/rust-lang/crates.io-index"
checksum = "836fa6a3e1e547f9a2c4040802ec865b5d85f4014efe00555d7090a3dcaa1090"

[[package]]
name = "serde"
version = "1.0.192"
source = "registry+https://github.com/rust-lang/crates.io-index"
checksum = "bca2a08484b285dcb282d0f67b26cadc0df8b19f8c12502c13d966bf9482f001"
dependencies = [
 "serde_derive",
]

[[package]]
name = "serde_derive"
version = "1.0.192"
source = "registry+https://github.com/rust-lang/crates.io-index"
checksum = "d6c7207fbec9faa48073f3e3074cbe553af6ea512d7c21ba46e434e70ea9fbc1"
dependencies = [
 "proc-macro2",
 "quote",
 "syn",
]

[[package]]
name = "serde_json"
version = "1.0.107"
source = "registry+https://github.com/rust-lang/crates.io-index"
checksum = "6b420ce6e3d8bd882e9b243c6eed35dbc9a6110c9769e74b584e0d68d1f20c65"
dependencies = [
 "itoa",
 "ryu",
 "serde",
]

[[package]]
name = "sparsevec"
version = "0.2.0"
source = "registry+https://github.com/rust-lang/crates.io-index"
checksum = "35df5d2e580b29f3f7ec5b4ed49b0ab3acf7f3624122b3e823cafb9630f293b8"
dependencies = [
 "num-traits",
 "packedvec",
 "serde",
 "vob",
]

[[package]]
name = "static_assertions"
version = "1.1.0"
source = "registry+https://github.com/rust-lang/crates.io-index"
checksum = "a2eb9349b6444b326872e140eb1cf5e7c522154d69e7a0ffb0fb81c06b37543f"

[[package]]
name = "syn"
version = "2.0.38"
source = "registry+https://github.com/rust-lang/crates.io-index"
checksum = "e96b79aaa137db8f61e26363a0c9b47d8b4ec75da28b7d1d614c2303e232408b"
dependencies = [
 "proc-macro2",
 "quote",
 "unicode-ident",
]

[[package]]
name = "time"
version = "0.3.30"
source = "registry+https://github.com/rust-lang/crates.io-index"
checksum = "c4a34ab300f2dee6e562c10a046fc05e358b29f9bf92277f30c3c8d82275f6f5"
dependencies = [
 "deranged",
 "itoa",
 "libc",
 "num_threads",
 "powerfmt",
 "serde",
 "time-core",
 "time-macros",
]

[[package]]
name = "time-core"
version = "0.1.2"
source = "registry+https://github.com/rust-lang/crates.io-index"
checksum = "ef927ca75afb808a4d64dd374f00a2adf8d0fcff8e7b184af886c3c87ec4a3f3"

[[package]]
name = "time-macros"
version = "0.2.15"
source = "registry+https://github.com/rust-lang/crates.io-index"
checksum = "4ad70d68dba9e1f8aceda7aa6711965dfec1cac869f311a51bd08b3a2ccbce20"
dependencies = [
 "time-core",
]

[[package]]
name = "unicode-ident"
version = "1.0.12"
source = "registry+https://github.com/rust-lang/crates.io-index"
checksum = "3354b9ac3fae1ff6755cb6db53683adb661634f67557942dea4facebec0fee4b"

[[package]]
name = "unicode-width"
version = "0.1.11"
source = "registry+https://github.com/rust-lang/crates.io-index"
checksum = "e51733f11c9c4f72aa0c160008246859e340b00807569a0da0e7a1079b27ba85"

[[package]]
name = "vergen"
version = "8.2.5"
source = "registry+https://github.com/rust-lang/crates.io-index"
checksum = "85e7dc29b3c54a2ea67ef4f953d5ec0c4085035c0ae2d325be1c0d2144bd9f16"
dependencies = [
 "anyhow",
 "rustversion",
 "time",
]

[[package]]
name = "vob"
version = "3.0.3"
source = "registry+https://github.com/rust-lang/crates.io-index"
checksum = "c058f4c41e71a043c67744cb76dcc1ae63ece328c1732a72489ccccc2dec23e6"
dependencies = [
 "num-traits",
 "rustc_version",
 "serde",
]

[[package]]
name = "windows-sys"
version = "0.48.0"
source = "registry+https://github.com/rust-lang/crates.io-index"
checksum = "677d2418bec65e3338edb076e806bc1ec15693c5d0104683f2efe857f61056a9"
dependencies = [
 "windows-targets",
]

[[package]]
name = "windows-targets"
version = "0.48.5"
source = "registry+https://github.com/rust-lang/crates.io-index"
checksum = "9a2fa6e2155d7247be68c096456083145c183cbbbc2764150dda45a87197940c"
dependencies = [
 "windows_aarch64_gnullvm",
 "windows_aarch64_msvc",
 "windows_i686_gnu",
 "windows_i686_msvc",
 "windows_x86_64_gnu",
 "windows_x86_64_gnullvm",
 "windows_x86_64_msvc",
]

[[package]]
name = "windows_aarch64_gnullvm"
version = "0.48.5"
source = "registry+https://github.com/rust-lang/crates.io-index"
checksum = "2b38e32f0abccf9987a4e3079dfb67dcd799fb61361e53e2882c3cbaf0d905d8"

[[package]]
name = "windows_aarch64_msvc"
version = "0.48.5"
source = "registry+https://github.com/rust-lang/crates.io-index"
checksum = "dc35310971f3b2dbbf3f0690a219f40e2d9afcf64f9ab7cc1be722937c26b4bc"

[[package]]
name = "windows_i686_gnu"
version = "0.48.5"
source = "registry+https://github.com/rust-lang/crates.io-index"
checksum = "a75915e7def60c94dcef72200b9a8e58e5091744960da64ec734a6c6e9b3743e"

[[package]]
name = "windows_i686_msvc"
version = "0.48.5"
source = "registry+https://github.com/rust-lang/crates.io-index"
checksum = "8f55c233f70c4b27f66c523580f78f1004e8b5a8b659e05a4eb49d4166cca406"

[[package]]
name = "windows_x86_64_gnu"
version = "0.48.5"
source = "registry+https://github.com/rust-lang/crates.io-index"
checksum = "53d40abd2583d23e4718fddf1ebec84dbff8381c07cae67ff7768bbf19c6718e"

[[package]]
name = "windows_x86_64_gnullvm"
version = "0.48.5"
source = "registry+https://github.com/rust-lang/crates.io-index"
checksum = "0b7b52767868a23d5bab768e390dc5f5c55825b6d30b86c844ff2dc7414044cc"

[[package]]
name = "windows_x86_64_msvc"
version = "0.48.5"
source = "registry+https://github.com/rust-lang/crates.io-index"
checksum = "ed94fce61571a4006852b7389a063ab983c02eb1bb37b47f8272ce92d06d9538"
