# This file is automatically @generated by Cargo.
# It is not intended for manual editing.
version = 3

[[package]]
name = "addr2line"
version = "0.21.0"
source = "registry+https://github.com/rust-lang/crates.io-index"
checksum = "8a30b2e23b9e17a9f90641c7ab1549cd9b44f296d3ccbf309d2863cfe398a0cb"
dependencies = [
 "gimli",
]

[[package]]
name = "adler"
version = "1.0.2"
source = "registry+https://github.com/rust-lang/crates.io-index"
checksum = "f26201604c87b1e01bd3d98f8d5d9a8fcbb815e8cedb41ffccbeb4bf593a35fe"

[[package]]
name = "anyhow"
version = "1.0.75"
source = "registry+https://github.com/rust-lang/crates.io-index"
checksum = "a4668cab20f66d8d020e1fbc0ebe47217433c1b6c8f2040faf858554e394ace6"
dependencies = [
 "backtrace",
]

[[package]]
name = "autocfg"
version = "1.1.0"
source = "registry+https://github.com/rust-lang/crates.io-index"
checksum = "d468802bab17cbc0cc575e9b053f41e72aa36bfa6b7f55e3529ffa43161b97fa"

[[package]]
name = "backtrace"
version = "0.3.69"
source = "registry+https://github.com/rust-lang/crates.io-index"
checksum = "2089b7e3f35b9dd2d0ed921ead4f6d318c27680d4a5bd167b3ee120edb105837"
dependencies = [
 "addr2line",
 "cc",
 "cfg-if",
 "libc",
 "miniz_oxide",
 "object",
 "rustc-demangle",
]

[[package]]
name = "bitflags"
version = "1.3.2"
source = "registry+https://github.com/rust-lang/crates.io-index"
checksum = "bef38d45163c2f1dde094a7dfd33ccf595c92905c8f8f4fdc18d06fb1037718a"

[[package]]
name = "bytemuck"
version = "1.14.0"
source = "registry+https://github.com/rust-lang/crates.io-index"
checksum = "374d28ec25809ee0e23827c2ab573d729e293f281dfe393500e7ad618baa61c6"
dependencies = [
 "bytemuck_derive",
]

[[package]]
name = "bytemuck_derive"
version = "1.5.0"
source = "registry+https://github.com/rust-lang/crates.io-index"
checksum = "965ab7eb5f8f97d2a083c799f3a1b994fc397b2fe2da5d1da1626ce15a39f2b1"
dependencies = [
 "proc-macro2",
 "quote",
 "syn",
]

[[package]]
name = "byteorder"
version = "1.5.0"
source = "registry+https://github.com/rust-lang/crates.io-index"
checksum = "1fd0f2584146f6f2ef48085050886acf353beff7305ebd1ae69500e27c67f64b"

[[package]]
name = "candle-core"
version = "0.3.1"
source = "git+https://github.com/huggingface/candle.git#d31f11035fb69d06bf22194d918a5efc45c8ab37"
dependencies = [
 "byteorder",
 "candle-kernels",
 "cudarc",
 "gemm",
 "half",
 "memmap2",
 "num-traits",
 "num_cpus",
 "rand",
 "rand_distr",
 "rayon",
 "safetensors",
 "thiserror",
 "yoke",
 "zip",
]

[[package]]
name = "candle-kernels"
version = "0.3.1"
source = "git+https://github.com/huggingface/candle.git#d31f11035fb69d06bf22194d918a5efc45c8ab37"
dependencies = [
 "anyhow",
 "glob",
 "rayon",
]

[[package]]
name = "cc"
version = "1.0.83"
source = "registry+https://github.com/rust-lang/crates.io-index"
checksum = "f1174fb0b6ec23863f8b971027804a42614e347eafb0a95bf0b12cdae21fc4d0"
dependencies = [
 "libc",
]

[[package]]
name = "cfg-if"
version = "1.0.0"
source = "registry+https://github.com/rust-lang/crates.io-index"
checksum = "baf1de4339761588bc0619e3cbc0120ee582ebb74b53b4efbf79117bd2da40fd"

[[package]]
name = "crc32fast"
version = "1.3.2"
source = "registry+https://github.com/rust-lang/crates.io-index"
checksum = "b540bd8bc810d3885c6ea91e2018302f68baba2129ab3e88f32389ee9370880d"
dependencies = [
 "cfg-if",
]

[[package]]
name = "crossbeam-deque"
version = "0.8.3"
source = "registry+https://github.com/rust-lang/crates.io-index"
checksum = "ce6fd6f855243022dcecf8702fef0c297d4338e226845fe067f6341ad9fa0cef"
dependencies = [
 "cfg-if",
 "crossbeam-epoch",
 "crossbeam-utils",
]

[[package]]
name = "crossbeam-epoch"
version = "0.9.15"
source = "registry+https://github.com/rust-lang/crates.io-index"
checksum = "ae211234986c545741a7dc064309f67ee1e5ad243d0e48335adc0484d960bcc7"
dependencies = [
 "autocfg",
 "cfg-if",
 "crossbeam-utils",
 "memoffset",
 "scopeguard",
]

[[package]]
name = "crossbeam-utils"
version = "0.8.16"
source = "registry+https://github.com/rust-lang/crates.io-index"
checksum = "5a22b2d63d4d1dc0b7f1b6b2747dd0088008a9be28b6ddf0b1e7d335e3037294"
dependencies = [
 "cfg-if",
]

[[package]]
name = "crunchy"
version = "0.2.2"
source = "registry+https://github.com/rust-lang/crates.io-index"
checksum = "7a81dae078cea95a014a339291cec439d2f232ebe854a9d672b796c6afafa9b7"

[[package]]
name = "cudarc"
version = "0.9.15"
source = "registry+https://github.com/rust-lang/crates.io-index"
checksum = "f1871a911a2b9a3f66a285896a719159985683bf9903aa2cf89e0c9f53e14552"
dependencies = [
 "half",
]

[[package]]
name = "dyn-stack"
version = "0.10.0"
source = "registry+https://github.com/rust-lang/crates.io-index"
checksum = "56e53799688f5632f364f8fb387488dd05db9fe45db7011be066fc20e7027f8b"
dependencies = [
 "bytemuck",
 "reborrow",
]

[[package]]
name = "either"
version = "1.9.0"
source = "registry+https://github.com/rust-lang/crates.io-index"
checksum = "a26ae43d7bcc3b814de94796a5e736d4029efb0ee900c12e2d54c993ad1a1e07"

[[package]]
name = "gemm"
version = "0.16.15"
source = "registry+https://github.com/rust-lang/crates.io-index"
checksum = "5b3afa707040531a7527477fd63a81ea4f6f3d26037a2f96776e57fb843b258e"
dependencies = [
 "dyn-stack",
 "gemm-c32",
 "gemm-c64",
 "gemm-common",
 "gemm-f16",
 "gemm-f32",
 "gemm-f64",
 "num-complex",
 "num-traits",
 "paste",
 "raw-cpuid",
 "seq-macro",
]

[[package]]
name = "gemm-c32"
version = "0.16.15"
source = "registry+https://github.com/rust-lang/crates.io-index"
checksum = "1cc3973a4c30c73f26a099113953d0c772bb17ee2e07976c0a06b8fe1f38a57d"
dependencies = [
 "dyn-stack",
 "gemm-common",
 "num-complex",
 "num-traits",
 "paste",
 "raw-cpuid",
 "seq-macro",
]

[[package]]
name = "gemm-c64"
version = "0.16.15"
source = "registry+https://github.com/rust-lang/crates.io-index"
checksum = "30362894b93dada374442cb2edf4512ddf19513c9bec88e06a445bcb6b22e64f"
dependencies = [
 "dyn-stack",
 "gemm-common",
 "num-complex",
 "num-traits",
 "paste",
 "raw-cpuid",
 "seq-macro",
]

[[package]]
name = "gemm-common"
version = "0.16.15"
source = "registry+https://github.com/rust-lang/crates.io-index"
checksum = "988499faa80566b046b4fee2c5f15af55b5a20c1fe8486b112ebb34efa045ad6"
dependencies = [
 "bytemuck",
 "dyn-stack",
 "half",
 "num-complex",
 "num-traits",
 "once_cell",
 "paste",
 "pulp",
 "raw-cpuid",
 "rayon",
 "seq-macro",
]

[[package]]
name = "gemm-f16"
version = "0.16.15"
source = "registry+https://github.com/rust-lang/crates.io-index"
checksum = "d6cf2854a12371684c38d9a865063a27661812a3ff5803454c5742e8f5a388ce"
dependencies = [
 "dyn-stack",
 "gemm-common",
 "gemm-f32",
 "half",
 "num-complex",
 "num-traits",
 "paste",
 "raw-cpuid",
 "rayon",
 "seq-macro",
]

[[package]]
name = "gemm-f32"
version = "0.16.15"
source = "registry+https://github.com/rust-lang/crates.io-index"
checksum = "0bc84003cf6d950a7c7ca714ad6db281b6cef5c7d462f5cd9ad90ea2409c7227"
dependencies = [
 "dyn-stack",
 "gemm-common",
 "num-complex",
 "num-traits",
 "paste",
 "raw-cpuid",
 "seq-macro",
]

[[package]]
name = "gemm-f64"
version = "0.16.15"
source = "registry+https://github.com/rust-lang/crates.io-index"
checksum = "35187ef101a71eed0ecd26fb4a6255b4192a12f1c5335f3a795698f2d9b6cf33"
dependencies = [
 "dyn-stack",
 "gemm-common",
 "num-complex",
 "num-traits",
 "paste",
 "raw-cpuid",
 "seq-macro",
]

[[package]]
name = "getrandom"
version = "0.2.11"
source = "registry+https://github.com/rust-lang/crates.io-index"
checksum = "fe9006bed769170c11f845cf00c7c1e9092aeb3f268e007c3e760ac68008070f"
dependencies = [
 "cfg-if",
 "libc",
 "wasi",
]

[[package]]
name = "gimli"
version = "0.28.0"
source = "registry+https://github.com/rust-lang/crates.io-index"
checksum = "6fb8d784f27acf97159b40fc4db5ecd8aa23b9ad5ef69cdd136d3bc80665f0c0"

[[package]]
name = "glob"
version = "0.3.1"
source = "registry+https://github.com/rust-lang/crates.io-index"
checksum = "d2fabcfbdc87f4758337ca535fb41a6d701b65693ce38287d856d1674551ec9b"

[[package]]
name = "half"
version = "2.3.1"
source = "registry+https://github.com/rust-lang/crates.io-index"
checksum = "bc52e53916c08643f1b56ec082790d1e86a32e58dc5268f897f313fbae7b4872"
dependencies = [
 "bytemuck",
 "cfg-if",
 "crunchy",
 "num-traits",
 "rand",
 "rand_distr",
]

[[package]]
name = "hermit-abi"
version = "0.3.3"
source = "registry+https://github.com/rust-lang/crates.io-index"
checksum = "d77f7ec81a6d05a3abb01ab6eb7590f6083d08449fe5a1c8b1e620283546ccb7"

[[package]]
name = "infer"
version = "0.1.0"
dependencies = [
 "candle-core",
]

[[package]]
name = "itoa"
version = "1.0.9"
source = "registry+https://github.com/rust-lang/crates.io-index"
checksum = "af150ab688ff2122fcef229be89cb50dd66af9e01a4ff320cc137eecc9bacc38"

[[package]]
name = "libc"
version = "0.2.150"
source = "registry+https://github.com/rust-lang/crates.io-index"
checksum = "89d92a4743f9a61002fae18374ed11e7973f530cb3a3255fb354818118b2203c"

[[package]]
name = "libm"
version = "0.2.8"
source = "registry+https://github.com/rust-lang/crates.io-index"
checksum = "4ec2a862134d2a7d32d7983ddcdd1c4923530833c9f2ea1a44fc5fa473989058"

[[package]]
name = "memchr"
version = "2.6.4"
source = "registry+https://github.com/rust-lang/crates.io-index"
checksum = "f665ee40bc4a3c5590afb1e9677db74a508659dfd71e126420da8274909a0167"

[[package]]
name = "memmap2"
version = "0.7.1"
source = "registry+https://github.com/rust-lang/crates.io-index"
checksum = "f49388d20533534cd19360ad3d6a7dadc885944aa802ba3995040c5ec11288c6"
dependencies = [
 "libc",
 "stable_deref_trait",
]

[[package]]
name = "memoffset"
version = "0.9.0"
source = "registry+https://github.com/rust-lang/crates.io-index"
checksum = "5a634b1c61a95585bd15607c6ab0c4e5b226e695ff2800ba0cdccddf208c406c"
dependencies = [
 "autocfg",
]

[[package]]
name = "miniz_oxide"
version = "0.7.1"
source = "registry+https://github.com/rust-lang/crates.io-index"
checksum = "e7810e0be55b428ada41041c41f32c9f1a42817901b4ccf45fa3d4b6561e74c7"
dependencies = [
 "adler",
]

[[package]]
name = "num-complex"
version = "0.4.4"
source = "registry+https://github.com/rust-lang/crates.io-index"
checksum = "1ba157ca0885411de85d6ca030ba7e2a83a28636056c7c699b07c8b6f7383214"
dependencies = [
 "bytemuck",
 "num-traits",
]

[[package]]
name = "num-traits"
version = "0.2.17"
source = "registry+https://github.com/rust-lang/crates.io-index"
checksum = "39e3200413f237f41ab11ad6d161bc7239c84dcb631773ccd7de3dfe4b5c267c"
dependencies = [
 "autocfg",
 "libm",
]

[[package]]
name = "num_cpus"
version = "1.16.0"
source = "registry+https://github.com/rust-lang/crates.io-index"
checksum = "4161fcb6d602d4d2081af7c3a45852d875a03dd337a6bfdd6e06407b61342a43"
dependencies = [
 "hermit-abi",
 "libc",
]

[[package]]
name = "object"
version = "0.32.1"
source = "registry+https://github.com/rust-lang/crates.io-index"
checksum = "9cf5f9dd3933bd50a9e1f149ec995f39ae2c496d31fd772c1fd45ebc27e902b0"
dependencies = [
 "memchr",
]

[[package]]
name = "once_cell"
version = "1.18.0"
source = "registry+https://github.com/rust-lang/crates.io-index"
checksum = "dd8b5dd2ae5ed71462c540258bedcb51965123ad7e7ccf4b9a8cafaa4a63576d"

[[package]]
name = "paste"
version = "1.0.14"
source = "registry+https://github.com/rust-lang/crates.io-index"
checksum = "de3145af08024dea9fa9914f381a17b8fc6034dfb00f3a84013f7ff43f29ed4c"

[[package]]
name = "ppv-lite86"
version = "0.2.17"
source = "registry+https://github.com/rust-lang/crates.io-index"
checksum = "5b40af805b3121feab8a3c29f04d8ad262fa8e0561883e7653e024ae4479e6de"

[[package]]
name = "proc-macro2"
version = "1.0.69"
source = "registry+https://github.com/rust-lang/crates.io-index"
checksum = "134c189feb4956b20f6f547d2cf727d4c0fe06722b20a0eec87ed445a97f92da"
dependencies = [
 "unicode-ident",
]

[[package]]
name = "pulp"
version = "0.18.4"
source = "registry+https://github.com/rust-lang/crates.io-index"
checksum = "7057c1435edb390ebfc51743abad043377f1f698ce8e649a9b52a4b378be5e4d"
dependencies = [
 "bytemuck",
 "libm",
 "num-complex",
 "reborrow",
]

[[package]]
name = "quote"
version = "1.0.33"
source = "registry+https://github.com/rust-lang/crates.io-index"
checksum = "5267fca4496028628a95160fc423a33e8b2e6af8a5302579e322e4b520293cae"
dependencies = [
 "proc-macro2",
]

[[package]]
name = "rand"
version = "0.8.5"
source = "registry+https://github.com/rust-lang/crates.io-index"
checksum = "34af8d1a0e25924bc5b7c43c079c942339d8f0a8b57c39049bef581b46327404"
dependencies = [
 "libc",
 "rand_chacha",
 "rand_core",
]

[[package]]
name = "rand_chacha"
version = "0.3.1"
source = "registry+https://github.com/rust-lang/crates.io-index"
checksum = "e6c10a63a0fa32252be49d21e7709d4d4baf8d231c2dbce1eaa8141b9b127d88"
dependencies = [
 "ppv-lite86",
 "rand_core",
]

[[package]]
name = "rand_core"
version = "0.6.4"
source = "registry+https://github.com/rust-lang/crates.io-index"
checksum = "ec0be4795e2f6a28069bec0b5ff3e2ac9bafc99e6a9a7dc3547996c5c816922c"
dependencies = [
 "getrandom",
]

[[package]]
name = "rand_distr"
version = "0.4.3"
source = "registry+https://github.com/rust-lang/crates.io-index"
checksum = "32cb0b9bc82b0a0876c2dd994a7e7a2683d3e7390ca40e6886785ef0c7e3ee31"
dependencies = [
 "num-traits",
 "rand",
]

[[package]]
name = "raw-cpuid"
version = "10.7.0"
source = "registry+https://github.com/rust-lang/crates.io-index"
checksum = "6c297679cb867470fa8c9f67dbba74a78d78e3e98d7cf2b08d6d71540f797332"
dependencies = [
 "bitflags",
]

[[package]]
name = "rayon"
version = "1.8.0"
source = "registry+https://github.com/rust-lang/crates.io-index"
checksum = "9c27db03db7734835b3f53954b534c91069375ce6ccaa2e065441e07d9b6cdb1"
dependencies = [
 "either",
 "rayon-core",
]

[[package]]
name = "rayon-core"
version = "1.12.0"
source = "registry+https://github.com/rust-lang/crates.io-index"
checksum = "5ce3fb6ad83f861aac485e76e1985cd109d9a3713802152be56c3b1f0e0658ed"
dependencies = [
 "crossbeam-deque",
 "crossbeam-utils",
]

[[package]]
name = "reborrow"
version = "0.5.5"
source = "registry+https://github.com/rust-lang/crates.io-index"
checksum = "03251193000f4bd3b042892be858ee50e8b3719f2b08e5833ac4353724632430"

[[package]]
name = "rustc-demangle"
version = "0.1.23"
source = "registry+https://github.com/rust-lang/crates.io-index"
checksum = "d626bb9dae77e28219937af045c257c28bfd3f69333c512553507f5f9798cb76"

[[package]]
name = "ryu"
version = "1.0.15"
source = "registry+https://github.com/rust-lang/crates.io-index"
checksum = "1ad4cc8da4ef723ed60bced201181d83791ad433213d8c24efffda1eec85d741"

[[package]]
name = "safetensors"
version = "0.3.3"
source = "registry+https://github.com/rust-lang/crates.io-index"
checksum = "d93279b86b3de76f820a8854dd06cbc33cfa57a417b19c47f6a25280112fb1df"
dependencies = [
 "serde",
 "serde_json",
]

[[package]]
name = "scopeguard"
version = "1.2.0"
source = "registry+https://github.com/rust-lang/crates.io-index"
checksum = "94143f37725109f92c262ed2cf5e59bce7498c01bcc1502d7b9afe439a4e9f49"

[[package]]
name = "seq-macro"
version = "0.3.5"
source = "registry+https://github.com/rust-lang/crates.io-index"
checksum = "a3f0bf26fd526d2a95683cd0f87bf103b8539e2ca1ef48ce002d67aad59aa0b4"

[[package]]
name = "serde"
version = "1.0.192"
source = "registry+https://github.com/rust-lang/crates.io-index"
checksum = "bca2a08484b285dcb282d0f67b26cadc0df8b19f8c12502c13d966bf9482f001"
dependencies = [
 "serde_derive",
]

[[package]]
name = "serde_derive"
version = "1.0.192"
source = "registry+https://github.com/rust-lang/crates.io-index"
checksum = "d6c7207fbec9faa48073f3e3074cbe553af6ea512d7c21ba46e434e70ea9fbc1"
dependencies = [
 "proc-macro2",
 "quote",
 "syn",
]

[[package]]
name = "serde_json"
version = "1.0.108"
source = "registry+https://github.com/rust-lang/crates.io-index"
checksum = "3d1c7e3eac408d115102c4c24ad393e0821bb3a5df4d506a80f85f7a742a526b"
dependencies = [
 "itoa",
 "ryu",
 "serde",
]

[[package]]
name = "stable_deref_trait"
version = "1.2.0"
source = "registry+https://github.com/rust-lang/crates.io-index"
checksum = "a8f112729512f8e442d81f95a8a7ddf2b7c6b8a1a6f509a95864142b30cab2d3"

[[package]]
name = "syn"
version = "2.0.39"
source = "registry+https://github.com/rust-lang/crates.io-index"
checksum = "23e78b90f2fcf45d3e842032ce32e3f2d1545ba6636271dcbf24fa306d87be7a"
dependencies = [
 "proc-macro2",
 "quote",
 "unicode-ident",
]

[[package]]
name = "synstructure"
version = "0.13.0"
source = "registry+https://github.com/rust-lang/crates.io-index"
checksum = "285ba80e733fac80aa4270fbcdf83772a79b80aa35c97075320abfee4a915b06"
dependencies = [
 "proc-macro2",
 "quote",
 "syn",
 "unicode-xid",
]

[[package]]
name = "thiserror"
version = "1.0.50"
source = "registry+https://github.com/rust-lang/crates.io-index"
checksum = "f9a7210f5c9a7156bb50aa36aed4c95afb51df0df00713949448cf9e97d382d2"
dependencies = [
 "thiserror-impl",
]

[[package]]
name = "thiserror-impl"
version = "1.0.50"
source = "registry+https://github.com/rust-lang/crates.io-index"
checksum = "266b2e40bc00e5a6c09c3584011e08b06f123c00362c92b975ba9843aaaa14b8"
dependencies = [
 "proc-macro2",
 "quote",
 "syn",
]

[[package]]
name = "unicode-ident"
version = "1.0.12"
source = "registry+https://github.com/rust-lang/crates.io-index"
checksum = "3354b9ac3fae1ff6755cb6db53683adb661634f67557942dea4facebec0fee4b"

[[package]]
name = "unicode-xid"
version = "0.2.4"
source = "registry+https://github.com/rust-lang/crates.io-index"
checksum = "f962df74c8c05a667b5ee8bcf162993134c104e96440b663c8daa176dc772d8c"

[[package]]
name = "wasi"
version = "0.11.0+wasi-snapshot-preview1"
source = "registry+https://github.com/rust-lang/crates.io-index"
checksum = "9c8d87e72b64a3b4db28d11ce29237c246188f4f51057d65a7eab63b7987e423"

[[package]]
name = "yoke"
version = "0.7.3"
source = "registry+https://github.com/rust-lang/crates.io-index"
checksum = "65e71b2e4f287f467794c671e2b8f8a5f3716b3c829079a1c44740148eff07e4"
dependencies = [
 "serde",
 "stable_deref_trait",
 "yoke-derive",
 "zerofrom",
]

[[package]]
name = "yoke-derive"
version = "0.7.3"
source = "registry+https://github.com/rust-lang/crates.io-index"
checksum = "9e6936f0cce458098a201c245a11bef556c6a0181129c7034d10d76d1ec3a2b8"
dependencies = [
 "proc-macro2",
 "quote",
 "syn",
 "synstructure",
]

[[package]]
name = "zerofrom"
version = "0.1.3"
source = "registry+https://github.com/rust-lang/crates.io-index"
checksum = "655b0814c5c0b19ade497851070c640773304939a6c0fd5f5fb43da0696d05b7"
dependencies = [
 "zerofrom-derive",
]

[[package]]
name = "zerofrom-derive"
version = "0.1.3"
source = "registry+https://github.com/rust-lang/crates.io-index"
checksum = "e6a647510471d372f2e6c2e6b7219e44d8c574d24fdc11c610a61455782f18c3"
dependencies = [
 "proc-macro2",
 "quote",
 "syn",
 "synstructure",
]

[[package]]
name = "zip"
version = "0.6.6"
source = "registry+https://github.com/rust-lang/crates.io-index"
checksum = "760394e246e4c28189f19d488c058bf16f564016aefac5d32bb1f3b51d5e9261"
dependencies = [
 "byteorder",
 "crc32fast",
 "crossbeam-utils",
]
